
Microsoft Visual Studio Solution File, Format Version 12.00
# Visual Studio Version 16
VisualStudioVersion = 16.0.31624.102
MinimumVisualStudioVersion = 10.0.40219.1
Project("{FAE04EC0-301F-11D3-BF4B-00C04F79EFBC}") = "Patient_Management_System", "Patient_Management_System\Patient_Management_System.csproj", "{01747C95-942D-4759-9DB8-C808E9853629}"
EndProject
Global
	GlobalSection(SolutionConfigurationPlatforms) = preSolution
		Debug|Any CPU = Debug|Any CPU
		Release|Any CPU = Release|Any CPU
	EndGlobalSection
	GlobalSection(ProjectConfigurationPlatforms) = postSolution
		{01747C95-942D-4759-9DB8-C808E9853629}.Debug|Any CPU.ActiveCfg = Debug|Any CPU
		{01747C95-942D-4759-9DB8-C808E9853629}.Debug|Any CPU.Build.0 = Debug|Any CPU
		{01747C95-942D-4759-9DB8-C808E9853629}.Release|Any CPU.ActiveCfg = Release|Any CPU
		{01747C95-942D-4759-9DB8-C808E9853629}.Release|Any CPU.Build.0 = Release|Any CPU
	EndGlobalSection
	GlobalSection(SolutionProperties) = preSolution
		HideSolutionNode = FALSE
	EndGlobalSection
	GlobalSection(ExtensibilityGlobals) = postSolution
		SolutionGuid = {66EA3241-235A-4233-BB4A-77E1C89E0A29}
	EndGlobalSection
EndGlobal
